
Microsoft Visual Studio Solution File, Format Version 12.00
# Visual Studio Version 17
VisualStudioVersion = 17.9.34714.143
MinimumVisualStudioVersion = 10.0.40219.1
Project("{FAE04EC0-301F-11D3-BF4B-00C04F79EFBC}") = "Boxino", "Boxino\Boxino.csproj", "{49044505-6173-4D1D-9905-5959C276EDCD}"
EndProject
Global
	GlobalSection(SolutionConfigurationPlatforms) = preSolution
		Debug|Any CPU = Debug|Any CPU
		Release|Any CPU = Release|Any CPU
	EndGlobalSection
	GlobalSection(ProjectConfigurationPlatforms) = postSolution
		{49044505-6173-4D1D-9905-5959C276EDCD}.Debug|Any CPU.ActiveCfg = Debug|Any CPU
		{49044505-6173-4D1D-9905-5959C276EDCD}.Debug|Any CPU.Build.0 = Debug|Any CPU
		{49044505-6173-4D1D-9905-5959C276EDCD}.Release|Any CPU.ActiveCfg = Release|Any CPU
		{49044505-6173-4D1D-9905-5959C276EDCD}.Release|Any CPU.Build.0 = Release|Any CPU
	EndGlobalSection
	GlobalSection(SolutionProperties) = preSolution
		HideSolutionNode = FALSE
	EndGlobalSection
	GlobalSection(ExtensibilityGlobals) = postSolution
		SolutionGuid = {760FA560-87FD-47D1-9839-220748BA3FE5}
	EndGlobalSection
EndGlobal
